<?xml version="1.0" encoding="utf-8"?>
<Project ToolsVersion="4.0" xmlns="http://schemas.microsoft.com/developer/msbuild/2003">
  <ItemGroup>
    <ClCompile Include="src\Main.cpp" />
    <ClCompile Include="src\stb_image.cpp" />
    <ClCompile Include="..\..\..\..\..\..\..\..\..\librairie\openGl\glad\src\glad.c" />
    <ClCompile Include="src\motion.cpp" />
    <ClCompile Include="src\window.cpp" />
    <ClCompile Include="src\shader.cpp" />
    <ClCompile Include="src\mesh.cpp" />
  </ItemGroup>
  <ItemGroup>
    <ClInclude Include="dependencies\GLAD\include\glad\glad.h" />
    <ClInclude Include="dependencies\GLAD\include\KHR\khrplatform.h" />
    <ClInclude Include="dependencies\GLFW\include\GLFW\glfw3.h" />
    <ClInclude Include="dependencies\GLFW\include\GLFW\glfw3native.h" />
    <ClInclude Include="header\stb_image.h" />
    <ClInclude Include="header\motion.h" />
    <ClInclude Include="header\shader.h" />
    <ClInclude Include="header\mesh.h" />
    <ClInclude Include="header\window.h" />
  </ItemGroup>
  <ItemGroup>
    <None Include="shader\woodBox\fragment.glsl" />
    <None Include="shader\woodBox\vertex.glsl" />
    <None Include="openGl.props" />
    <None Include="shader\lightSources\vertex.glsl" />
    <None Include="shader\lightSources\fragment.glsl" />
  </ItemGroup>
  <ItemGroup>
    <Library Include="dependencies\GLFW\lib-vc2022\glfw3.lib" />
    <Library Include="dependencies\GLFW\lib-vc2022\glfw3_mt.lib" />
  </ItemGroup>
</Project>