<?xml version="1.0" encoding="utf-8"?>
<Project ToolsVersion="4.0" xmlns="http://schemas.microsoft.com/developer/msbuild/2003">
  <ItemGroup>
    <ClCompile Include="src\Main.cpp" />
    <ClCompile Include="src\stb_image.cpp" />
    <ClCompile Include="src\motion.cpp" />
    <ClCompile Include="src\window.cpp" />
    <ClCompile Include="src\shader.cpp" />
    <ClCompile Include="src\mesh.cpp" />
    <ClCompile Include="src\tuiWindow.cpp" />
    <ClCompile Include="..\..\..\..\..\..\Downloads\glad (1)\src\glad.c" />
  </ItemGroup>
  <ItemGroup>
    <ClInclude Include="dependencies\GLAD\include\glad\glad.h" />
    <ClInclude Include="dependencies\GLAD\include\KHR\khrplatform.h" />
    <ClInclude Include="dependencies\GLFW\include\GLFW\glfw3.h" />
    <ClInclude Include="dependencies\GLFW\include\GLFW\glfw3native.h" />
    <ClInclude Include="header\stb_image.h" />
    <ClInclude Include="header\motion.h" />
    <ClInclude Include="header\shader.h" />
    <ClInclude Include="header\mesh.h" />
    <ClInclude Include="header\window.h" />
    <ClInclude Include="header\tuiWindow.h" />
  </ItemGroup>
  <ItemGroup>
    <None Include="shader\object\fragment.glsl" />
    <None Include="shader\object\vertex.glsl" />
    <None Include="openGl.props" />
    <None Include="shader\lightSources\vertex.glsl" />
    <None Include="shader\lightSources\fragment.glsl" />
    <None Include="shader\skyBox\vertex.glsl" />
    <None Include="shader\skyBox\fragment.glsl" />
    <None Include="shader\outline\vertex.glsl" />
    <None Include="shader\outline\fragment.glsl" />
    <None Include="shader\postProcess\vertex.glsl" />
    <None Include="shader\postProcess\fragment.glsl" />
    <None Include="shader\house\vertex.glsl" />
    <None Include="shader\house\fragment.glsl" />
    <None Include="shader\house\geometry.glsl" />
    <None Include="shader\circle\vertex.glsl" />
    <None Include="shader\circle\fragment.glsl" />
    <None Include="shader\circle\geometry.glsl" />
    <None Include="shader\terrain\vertex.glsl" />
    <None Include="shader\terrain\fragment.glsl" />
    <None Include="shader\terrain\TCS.glsl" />
    <None Include="shader\terrain\TES.glsl" />
    <None Include="shader\colorVertexNormal\vertex.glsl" />
    <None Include="shader\colorVertexNormal\geometry.glsl" />
    <None Include="shader\colorVertexNormal\fragment.glsl" />
    <None Include="shader\objectDirectShadow\fragment.glsl" />
    <None Include="shader\objectDirectShadow\vertex.glsl" />
    <None Include="shader\objectPointShadow\fragment.glsl" />
    <None Include="shader\objectPointShadow\geometry.glsl" />
    <None Include="shader\objectPointShadow\vertex.glsl" />
    <None Include="shader\sphere\vertex.glsl" />
    <None Include="shader\sphere\fragment.glsl" />
    <None Include="shader\sphere\TCS.glsl" />
    <None Include="shader\sphere\TES.glsl" />
    <None Include="shader\passThrough\vertex.glsl" />
    <None Include="shader\passThrough\fragment.glsl" />
    <None Include="shader\clouds\vertex.glsl" />
    <None Include="shader\clouds\fragment.glsl" />
  </ItemGroup>
  <ItemGroup>
    <Library Include="dependencies\GLFW\lib-vc2022\glfw3.lib" />
    <Library Include="dependencies\GLFW\lib-vc2022\glfw3_mt.lib" />
  </ItemGroup>
  <ItemGroup>
    <Image Include="rsc\terrain\merde.jpeg" />
    <Image Include="rsc\terrain\icelandHeightmap.png" />
  </ItemGroup>
</Project>