<?xml version="1.0" encoding="utf-8"?>
<Project ToolsVersion="4.0" xmlns="http://schemas.microsoft.com/developer/msbuild/2003">
  <ItemGroup>
    <ClCompile Include="src\Main.cpp" />
    <ClCompile Include="src\openGL.cpp" />
    <ClCompile Include="src\stb_image.cpp" />
    <ClCompile Include="..\..\..\..\..\..\..\..\..\librairie\openGl\glad\src\glad.c" />
    <ClCompile Include="src\geometry.cpp" />
  </ItemGroup>
  <ItemGroup>
    <ClInclude Include="dependencies\GLAD\include\glad\glad.h" />
    <ClInclude Include="dependencies\GLAD\include\KHR\khrplatform.h" />
    <ClInclude Include="dependencies\GLFW\include\GLFW\glfw3.h" />
    <ClInclude Include="dependencies\GLFW\include\GLFW\glfw3native.h" />
    <ClInclude Include="header\openGL.h" />
    <ClInclude Include="header\geometry.h" />
    <ClInclude Include="header\stb_image.h" />
    <ClInclude Include="dependencies\assimp\include\assimp\Compiler\poppack1.h" />
    <ClInclude Include="dependencies\assimp\include\assimp\Compiler\pstdint.h" />
    <ClInclude Include="dependencies\assimp\include\assimp\Compiler\pushpack1.h" />
    <ClInclude Include="dependencies\assimp\include\assimp\port\AndroidJNI\AndroidJNIIOSystem.h" />
    <ClInclude Include="dependencies\assimp\include\assimp\port\AndroidJNI\BundledAssetIOSystem.h" />
    <ClInclude Include="dependencies\assimp\include\assimp\aabb.h" />
    <ClInclude Include="dependencies\assimp\include\assimp\ai_assert.h" />
    <ClInclude Include="dependencies\assimp\include\assimp\anim.h" />
    <ClInclude Include="dependencies\assimp\include\assimp\AssertHandler.h" />
    <ClInclude Include="dependencies\assimp\include\assimp\Base64.hpp" />
    <ClInclude Include="dependencies\assimp\include\assimp\BaseImporter.h" />
    <ClInclude Include="dependencies\assimp\include\assimp\Bitmap.h" />
    <ClInclude Include="dependencies\assimp\include\assimp\BlobIOSystem.h" />
    <ClInclude Include="dependencies\assimp\include\assimp\ByteSwapper.h" />
    <ClInclude Include="dependencies\assimp\include\assimp\camera.h" />
    <ClInclude Include="dependencies\assimp\include\assimp\cexport.h" />
    <ClInclude Include="dependencies\assimp\include\assimp\cfileio.h" />
    <ClInclude Include="dependencies\assimp\include\assimp\cimport.h" />
    <ClInclude Include="dependencies\assimp\include\assimp\ColladaMetaData.h" />
    <ClInclude Include="dependencies\assimp\include\assimp\color4.h" />
    <ClInclude Include="dependencies\assimp\include\assimp\commonMetaData.h" />
    <ClInclude Include="dependencies\assimp\include\assimp\CreateAnimMesh.h" />
    <ClInclude Include="dependencies\assimp\include\assimp\DefaultIOStream.h" />
    <ClInclude Include="dependencies\assimp\include\assimp\DefaultIOSystem.h" />
    <ClInclude Include="dependencies\assimp\include\assimp\DefaultLogger.hpp" />
    <ClInclude Include="dependencies\assimp\include\assimp\defs.h" />
    <ClInclude Include="dependencies\assimp\include\assimp\Exceptional.h" />
    <ClInclude Include="dependencies\assimp\include\assimp\Exporter.hpp" />
    <ClInclude Include="dependencies\assimp\include\assimp\fast_atof.h" />
    <ClInclude Include="dependencies\assimp\include\assimp\GenericProperty.h" />
    <ClInclude Include="dependencies\assimp\include\assimp\GltfMaterial.h" />
    <ClInclude Include="dependencies\assimp\include\assimp\Hash.h" />
    <ClInclude Include="dependencies\assimp\include\assimp\Importer.hpp" />
    <ClInclude Include="dependencies\assimp\include\assimp\importerdesc.h" />
    <ClInclude Include="dependencies\assimp\include\assimp\IOStream.hpp" />
    <ClInclude Include="dependencies\assimp\include\assimp\IOStreamBuffer.h" />
    <ClInclude Include="dependencies\assimp\include\assimp\IOSystem.hpp" />
    <ClInclude Include="dependencies\assimp\include\assimp\light.h" />
    <ClInclude Include="dependencies\assimp\include\assimp\LineSplitter.h" />
    <ClInclude Include="dependencies\assimp\include\assimp\LogAux.h" />
    <ClInclude Include="dependencies\assimp\include\assimp\Logger.hpp" />
    <ClInclude Include="dependencies\assimp\include\assimp\LogStream.hpp" />
    <ClInclude Include="dependencies\assimp\include\assimp\material.h" />
    <ClInclude Include="dependencies\assimp\include\assimp\MathFunctions.h" />
    <ClInclude Include="dependencies\assimp\include\assimp\matrix3x3.h" />
    <ClInclude Include="dependencies\assimp\include\assimp\matrix4x4.h" />
    <ClInclude Include="dependencies\assimp\include\assimp\MemoryIOWrapper.h" />
    <ClInclude Include="dependencies\assimp\include\assimp\mesh.h" />
    <ClInclude Include="dependencies\assimp\include\assimp\metadata.h" />
    <ClInclude Include="dependencies\assimp\include\assimp\NullLogger.hpp" />
    <ClInclude Include="dependencies\assimp\include\assimp\ObjMaterial.h" />
    <ClInclude Include="dependencies\assimp\include\assimp\ParsingUtils.h" />
    <ClInclude Include="dependencies\assimp\include\assimp\pbrmaterial.h" />
    <ClInclude Include="dependencies\assimp\include\assimp\postprocess.h" />
    <ClInclude Include="dependencies\assimp\include\assimp\Profiler.h" />
    <ClInclude Include="dependencies\assimp\include\assimp\ProgressHandler.hpp" />
    <ClInclude Include="dependencies\assimp\include\assimp\qnan.h" />
    <ClInclude Include="dependencies\assimp\include\assimp\quaternion.h" />
    <ClInclude Include="dependencies\assimp\include\assimp\RemoveComments.h" />
    <ClInclude Include="dependencies\assimp\include\assimp\scene.h" />
    <ClInclude Include="dependencies\assimp\include\assimp\SceneCombiner.h" />
    <ClInclude Include="dependencies\assimp\include\assimp\SGSpatialSort.h" />
    <ClInclude Include="dependencies\assimp\include\assimp\SkeletonMeshBuilder.h" />
    <ClInclude Include="dependencies\assimp\include\assimp\SmallVector.h" />
    <ClInclude Include="dependencies\assimp\include\assimp\SmoothingGroups.h" />
    <ClInclude Include="dependencies\assimp\include\assimp\SpatialSort.h" />
    <ClInclude Include="dependencies\assimp\include\assimp\StandardShapes.h" />
    <ClInclude Include="dependencies\assimp\include\assimp\StreamReader.h" />
    <ClInclude Include="dependencies\assimp\include\assimp\StreamWriter.h" />
    <ClInclude Include="dependencies\assimp\include\assimp\StringComparison.h" />
    <ClInclude Include="dependencies\assimp\include\assimp\StringUtils.h" />
    <ClInclude Include="dependencies\assimp\include\assimp\Subdivision.h" />
    <ClInclude Include="dependencies\assimp\include\assimp\texture.h" />
    <ClInclude Include="dependencies\assimp\include\assimp\TinyFormatter.h" />
    <ClInclude Include="dependencies\assimp\include\assimp\types.h" />
    <ClInclude Include="dependencies\assimp\include\assimp\vector2.h" />
    <ClInclude Include="dependencies\assimp\include\assimp\vector3.h" />
    <ClInclude Include="dependencies\assimp\include\assimp\version.h" />
    <ClInclude Include="dependencies\assimp\include\assimp\Vertex.h" />
    <ClInclude Include="dependencies\assimp\include\assimp\XmlParser.h" />
    <ClInclude Include="dependencies\assimp\include\assimp\XMLTools.h" />
    <ClInclude Include="dependencies\assimp\include\assimp\ZipArchiveIOSystem.h" />
    <ClInclude Include="dependencies\assimp\include\assimp\config.h" />
  </ItemGroup>
  <ItemGroup>
    <None Include="src\fragmentShader.glsl" />
    <None Include="src\vertexShader.glsl" />
    <None Include="openGl.props" />
    <None Include="dependencies\assimp\include\assimp\color4.inl" />
    <None Include="dependencies\assimp\include\assimp\material.inl" />
    <None Include="dependencies\assimp\include\assimp\matrix3x3.inl" />
    <None Include="dependencies\assimp\include\assimp\matrix4x4.inl" />
    <None Include="dependencies\assimp\include\assimp\quaternion.inl" />
    <None Include="dependencies\assimp\include\assimp\SmoothingGroups.inl" />
    <None Include="dependencies\assimp\include\assimp\vector2.inl" />
    <None Include="dependencies\assimp\include\assimp\vector3.inl" />
  </ItemGroup>
  <ItemGroup>
    <Library Include="dependencies\GLFW\lib-vc2022\glfw3.lib" />
    <Library Include="dependencies\GLFW\lib-vc2022\glfw3_mt.lib" />
  </ItemGroup>
</Project>