
Microsoft Visual Studio Solution File, Format Version 12.00
# Visual Studio Version 17
VisualStudioVersion = 17.7.34031.279
MinimumVisualStudioVersion = 10.0.40219.1
Project("{8BC9CEB8-8B4A-11D0-8D11-00A0C91BC942}") = "openGlProjectTemplateV1", "openGlProjectTemplateV1.vcxproj", "{932512AD-8702-4E1F-9B4F-8B78BBAB7D26}"
EndProject
Global
	GlobalSection(SolutionConfigurationPlatforms) = preSolution
		Debug|x64 = Debug|x64
		Debug|x86 = Debug|x86
		Release|x64 = Release|x64
		Release|x86 = Release|x86
	EndGlobalSection
	GlobalSection(ProjectConfigurationPlatforms) = postSolution
		{932512AD-8702-4E1F-9B4F-8B78BBAB7D26}.Debug|x64.ActiveCfg = Debug|x64
		{932512AD-8702-4E1F-9B4F-8B78BBAB7D26}.Debug|x64.Build.0 = Debug|x64
		{932512AD-8702-4E1F-9B4F-8B78BBAB7D26}.Debug|x86.ActiveCfg = Debug|Win32
		{932512AD-8702-4E1F-9B4F-8B78BBAB7D26}.Debug|x86.Build.0 = Debug|Win32
		{932512AD-8702-4E1F-9B4F-8B78BBAB7D26}.Release|x64.ActiveCfg = Release|x64
		{932512AD-8702-4E1F-9B4F-8B78BBAB7D26}.Release|x64.Build.0 = Release|x64
		{932512AD-8702-4E1F-9B4F-8B78BBAB7D26}.Release|x86.ActiveCfg = Release|Win32
		{932512AD-8702-4E1F-9B4F-8B78BBAB7D26}.Release|x86.Build.0 = Release|Win32
	EndGlobalSection
	GlobalSection(SolutionProperties) = preSolution
		HideSolutionNode = FALSE
	EndGlobalSection
	GlobalSection(ExtensibilityGlobals) = postSolution
		SolutionGuid = {D57A531C-774A-48A6-B281-DBB033A1A488}
	EndGlobalSection
EndGlobal
